toka-lock-v1
package	migrate	registry	migrate	0.1.1	d0870f3ae5b171b48e5293929dfce7581520314605e4567a10ec2a42ec31f235	5614e7c5cf0afd86e2d8855a84f98d5bdf02a1ba64f8164fc2dfb4595cbd997b	sqlite
package	sqlite	registry	sqlite	0.1.1	c398903ecac293d94c7b554a8d181814db5a3581faad6e7bb91dc217a5312801	c213633026d34897b58c6d0c95f946b19abfa89d08866849c40c972bbbd1b70a	-
