toka-lock-v1
package	migrate	registry	migrate	0.1.0	ee7e34c1f630114b31593e8d684ba10e6b468935aee79c03b3acbbca2545a21c	a5a20c8174b86cb96b68eba735fac8a6025b2a7bfed8ad5cc33d17f83c2bc283	sqlite
package	sqlite	registry	sqlite	0.1.1	c398903ecac293d94c7b554a8d181814db5a3581faad6e7bb91dc217a5312801	c213633026d34897b58c6d0c95f946b19abfa89d08866849c40c972bbbd1b70a	-
