toka-lock-v1
package	gui	registry	gui	0.1.0	b17fb7d4ce6bcb8c3a533216e40ca2c63ab95e0263ceffac8e2636d2f97ce85d	eacbb69299afb7f1e6183c27cc9a54c44b2c75a489c6e3e38cedbb0999d5d77e	unicode
package	unicode	registry	unicode	0.1.1	c68569e6efbd9eb9bf85226eca68de3a0187d4300e320aeb13857be73b5ad28a	8c82ff393812d1ddd9a8b1f6d71d8ab49863a68b6193af1d784ea722e052fe76	-
