toka-lock-v1
package	router	registry	router	0.1.0	efc154757556e37ffbc7891481c6031ccc6b0161e3ea391e4a100080e407ed78	f5dcfab01ba3e4dbecbcea5e334673c3fc5fdf1b95c76f1c90d0c55ae30d0a1c	-
package	sqlite	registry	sqlite	0.1.0	432b4a191891fbfe3dcc4c25da026a5d886e6d321978b9ae46fb2f6aef87c22d	819dcfa63f8798781ae583841704d367c6c744658941d0be9d9fb463b3cee21c	-
